<Solution>
  <Project Path="RepoDb.Adapter.MariaDb.IntegrationTests/RepoDb.Adapter.MariaDb.IntegrationTests.csproj" Id="2757c6c3-4e71-4f7b-8352-4fecaea23f22" />
  <Project Path="RepoDb.Adapter.MariaDb.UnitTests/RepoDb.Adapter.MariaDb.UnitTests.csproj" Id="1c79ed89-9887-475c-86fb-926d44d5cac8" />
  <Project Path="RepoDb.Adapter.MariaDb/RepoDb.Adapter.MariaDb.csproj" />
</Solution>
